
Microsoft Visual Studio Solution File, Format Version 12.00
# Visual Studio Version 17
VisualStudioVersion = 17.0.32014.148
MinimumVisualStudioVersion = 10.0.40219.1
Project("{9A19103F-16F7-4668-BE54-9A1E7A4F7556}") = "AspNetCoreODataDependencyInjection", "AspNetCoreODataDependencyInjection\AspNetCoreODataDependencyInjection.csproj", "{94607677-AF76-43C4-ABBA-313402873DDE}"
EndProject
Project("{2150E333-8FDC-42A3-9474-1A3956D46DE8}") = "Solution items", "Solution items", "{E2634F27-3421-456C-9FF9-889CB3C12447}"
	ProjectSection(SolutionItems) = preProject
		LICENSE = LICENSE
		README.md = README.md
	EndProjectSection
EndProject
Project("{FAE04EC0-301F-11D3-BF4B-00C04F79EFBC}") = "WebApplication", "WebApplication\WebApplication.csproj", "{2B9CD428-29D0-4FE5-94BD-B750C07373E7}"
EndProject
Global
	GlobalSection(SolutionConfigurationPlatforms) = preSolution
		Debug|Any CPU = Debug|Any CPU
		Release|Any CPU = Release|Any CPU
	EndGlobalSection
	GlobalSection(ProjectConfigurationPlatforms) = postSolution
		{94607677-AF76-43C4-ABBA-313402873DDE}.Debug|Any CPU.ActiveCfg = Debug|Any CPU
		{94607677-AF76-43C4-ABBA-313402873DDE}.Debug|Any CPU.Build.0 = Debug|Any CPU
		{94607677-AF76-43C4-ABBA-313402873DDE}.Release|Any CPU.ActiveCfg = Release|Any CPU
		{94607677-AF76-43C4-ABBA-313402873DDE}.Release|Any CPU.Build.0 = Release|Any CPU
		{2B9CD428-29D0-4FE5-94BD-B750C07373E7}.Debug|Any CPU.ActiveCfg = Debug|Any CPU
		{2B9CD428-29D0-4FE5-94BD-B750C07373E7}.Debug|Any CPU.Build.0 = Debug|Any CPU
		{2B9CD428-29D0-4FE5-94BD-B750C07373E7}.Release|Any CPU.ActiveCfg = Release|Any CPU
		{2B9CD428-29D0-4FE5-94BD-B750C07373E7}.Release|Any CPU.Build.0 = Release|Any CPU
	EndGlobalSection
	GlobalSection(SolutionProperties) = preSolution
		HideSolutionNode = FALSE
	EndGlobalSection
	GlobalSection(ExtensibilityGlobals) = postSolution
		SolutionGuid = {12737544-8856-4021-8525-A4F713037F9D}
	EndGlobalSection
EndGlobal
